// !$*UTF8*$!
{
	archiveVersion = 1;
	classes = {
	};
	objectVersion = 50;
	objects = {

/* Begin PBXBuildFile section */
		3C1BCE61249D145B00F3604B /* AppDelegate.swift in Sources */ = {isa = PBXBuildFile; fileRef = 3C1BCE60249D145B00F3604B /* AppDelegate.swift */; };
		3C1BCE63249D145B00F3604B /* SceneDelegate.swift in Sources */ = {isa = PBXBuildFile; fileRef = 3C1BCE62249D145B00F3604B /* SceneDelegate.swift */; };
		3C1BCE65249D145B00F3604B /* ContentView.swift in Sources */ = {isa = PBXBuildFile; fileRef = 3C1BCE64249D145B00F3604B /* ContentView.swift */; };
		3C1BCE67249D145D00F3604B /* Assets.xcassets in Resources */ = {isa = PBXBuildFile; fileRef = 3C1BCE66249D145D00F3604B /* Assets.xcassets */; };
		3C1BCE6A249D145D00F3604B /* Preview Assets.xcassets in Resources */ = {isa = PBXBuildFile; fileRef = 3C1BCE69249D145D00F3604B /* Preview Assets.xcassets */; };
		3C1BCE6D249D145D00F3604B /* LaunchScreen.storyboard in Resources */ = {isa = PBXBuildFile; fileRef = 3C1BCE6B249D145D00F3604B /* LaunchScreen.storyboard */; };
		3C1BCE78249D145D00F3604B /* MovieAppTests.swift in Sources */ = {isa = PBXBuildFile; fileRef = 3C1BCE77249D145D00F3604B /* MovieAppTests.swift */; };
		3C1BCE83249D145D00F3604B /* MovieAppUITests.swift in Sources */ = {isa = PBXBuildFile; fileRef = 3C1BCE82249D145D00F3604B /* MovieAppUITests.swift */; };
		3C1BCE92249D18AF00F3604B /* Movie.swift in Sources */ = {isa = PBXBuildFile; fileRef = 3C1BCE91249D18AF00F3604B /* Movie.swift */; };
		3C7B543E24A253D400A65BD4 /* URLSessionExtension.swift in Sources */ = {isa = PBXBuildFile; fileRef = 3C7B543D24A253D400A65BD4 /* URLSessionExtension.swift */; };
		3C7B544124A2543600A65BD4 /* MovieNetwork.swift in Sources */ = {isa = PBXBuildFile; fileRef = 3C7B544024A2543600A65BD4 /* MovieNetwork.swift */; };
		3C7B544324A2547000A65BD4 /* MovieResponse.swift in Sources */ = {isa = PBXBuildFile; fileRef = 3C7B544224A2547000A65BD4 /* MovieResponse.swift */; };
		3C7B544624A25A0D00A65BD4 /* MovieViewModel.swift in Sources */ = {isa = PBXBuildFile; fileRef = 3C7B544524A25A0D00A65BD4 /* MovieViewModel.swift */; };
/* End PBXBuildFile section */

/* Begin PBXContainerItemProxy section */
		3C1BCE74249D145D00F3604B /* PBXContainerItemProxy */ = {
			isa = PBXContainerItemProxy;
			containerPortal = 3C1BCE55249D145B00F3604B /* Project object */;
			proxyType = 1;
			remoteGlobalIDString = 3C1BCE5C249D145B00F3604B;
			remoteInfo = MovieApp;
		};
		3C1BCE7F249D145D00F3604B /* PBXContainerItemProxy */ = {
			isa = PBXContainerItemProxy;
			containerPortal = 3C1BCE55249D145B00F3604B /* Project object */;
			proxyType = 1;
			remoteGlobalIDString = 3C1BCE5C249D145B00F3604B;
			remoteInfo = MovieApp;
		};
/* End PBXContainerItemProxy section */

/* Begin PBXFileReference section */
		3C1BCE5D249D145B00F3604B /* MovieApp.app */ = {isa = PBXFileReference; explicitFileType = wrapper.application; includeInIndex = 0; path = MovieApp.app; sourceTree = BUILT_PRODUCTS_DIR; };
		3C1BCE60249D145B00F3604B /* AppDelegate.swift */ = {isa = PBXFileReference; lastKnownFileType = sourcecode.swift; path = AppDelegate.swift; sourceTree = "<group>"; };
		3C1BCE62249D145B00F3604B /* SceneDelegate.swift */ = {isa = PBXFileReference; lastKnownFileType = sourcecode.swift; path = SceneDelegate.swift; sourceTree = "<group>"; };
		3C1BCE64249D145B00F3604B /* ContentView.swift */ = {isa = PBXFileReference; lastKnownFileType = sourcecode.swift; path = ContentView.swift; sourceTree = "<group>"; };
		3C1BCE66249D145D00F3604B /* Assets.xcassets */ = {isa = PBXFileReference; lastKnownFileType = folder.assetcatalog; path = Assets.xcassets; sourceTree = "<group>"; };
		3C1BCE69249D145D00F3604B /* Preview Assets.xcassets */ = {isa = PBXFileReference; lastKnownFileType = folder.assetcatalog; path = "Preview Assets.xcassets"; sourceTree = "<group>"; };
		3C1BCE6C249D145D00F3604B /* Base */ = {isa = PBXFileReference; lastKnownFileType = file.storyboard; name = Base; path = Base.lproj/LaunchScreen.storyboard; sourceTree = "<group>"; };
		3C1BCE6E249D145D00F3604B /* Info.plist */ = {isa = PBXFileReference; lastKnownFileType = text.plist.xml; path = Info.plist; sourceTree = "<group>"; };
		3C1BCE73249D145D00F3604B /* MovieAppTests.xctest */ = {isa = PBXFileReference; explicitFileType = wrapper.cfbundle; includeInIndex = 0; path = MovieAppTests.xctest; sourceTree = BUILT_PRODUCTS_DIR; };
		3C1BCE77249D145D00F3604B /* MovieAppTests.swift */ = {isa = PBXFileReference; lastKnownFileType = sourcecode.swift; path = MovieAppTests.swift; sourceTree = "<group>"; };
		3C1BCE79249D145D00F3604B /* Info.plist */ = {isa = PBXFileReference; lastKnownFileType = text.plist.xml; path = Info.plist; sourceTree = "<group>"; };
		3C1BCE7E249D145D00F3604B /* MovieAppUITests.xctest */ = {isa = PBXFileReference; explicitFileType = wrapper.cfbundle; includeInIndex = 0; path = MovieAppUITests.xctest; sourceTree = BUILT_PRODUCTS_DIR; };
		3C1BCE82249D145D00F3604B /* MovieAppUITests.swift */ = {isa = PBXFileReference; lastKnownFileType = sourcecode.swift; path = MovieAppUITests.swift; sourceTree = "<group>"; };
		3C1BCE84249D145D00F3604B /* Info.plist */ = {isa = PBXFileReference; lastKnownFileType = text.plist.xml; path = Info.plist; sourceTree = "<group>"; };
		3C1BCE91249D18AF00F3604B /* Movie.swift */ = {isa = PBXFileReference; lastKnownFileType = sourcecode.swift; path = Movie.swift; sourceTree = "<group>"; };
		3C7B543D24A253D400A65BD4 /* URLSessionExtension.swift */ = {isa = PBXFileReference; lastKnownFileType = sourcecode.swift; path = URLSessionExtension.swift; sourceTree = "<group>"; };
		3C7B544024A2543600A65BD4 /* MovieNetwork.swift */ = {isa = PBXFileReference; lastKnownFileType = sourcecode.swift; path = MovieNetwork.swift; sourceTree = "<group>"; };
		3C7B544224A2547000A65BD4 /* MovieResponse.swift */ = {isa = PBXFileReference; lastKnownFileType = sourcecode.swift; path = MovieResponse.swift; sourceTree = "<group>"; };
		3C7B544524A25A0D00A65BD4 /* MovieViewModel.swift */ = {isa = PBXFileReference; lastKnownFileType = sourcecode.swift; path = MovieViewModel.swift; sourceTree = "<group>"; };
/* End PBXFileReference section */

/* Begin PBXFrameworksBuildPhase section */
		3C1BCE5A249D145B00F3604B /* Frameworks */ = {
			isa = PBXFrameworksBuildPhase;
			buildActionMask = 2147483647;
			files = (
			);
			runOnlyForDeploymentPostprocessing = 0;
		};
		3C1BCE70249D145D00F3604B /* Frameworks */ = {
			isa = PBXFrameworksBuildPhase;
			buildActionMask = 2147483647;
			files = (
			);
			runOnlyForDeploymentPostprocessing = 0;
		};
		3C1BCE7B249D145D00F3604B /* Frameworks */ = {
			isa = PBXFrameworksBuildPhase;
			buildActionMask = 2147483647;
			files = (
			);
			runOnlyForDeploymentPostprocessing = 0;
		};
/* End PBXFrameworksBuildPhase section */

/* Begin PBXGroup section */
		3C1BCE54249D145B00F3604B = {
			isa = PBXGroup;
			children = (
				3C1BCE5F249D145B00F3604B /* MovieApp */,
				3C1BCE76249D145D00F3604B /* MovieAppTests */,
				3C1BCE81249D145D00F3604B /* MovieAppUITests */,
				3C1BCE5E249D145B00F3604B /* Products */,
			);
			sourceTree = "<group>";
		};
		3C1BCE5E249D145B00F3604B /* Products */ = {
			isa = PBXGroup;
			children = (
				3C1BCE5D249D145B00F3604B /* MovieApp.app */,
				3C1BCE73249D145D00F3604B /* MovieAppTests.xctest */,
				3C1BCE7E249D145D00F3604B /* MovieAppUITests.xctest */,
			);
			name = Products;
			sourceTree = "<group>";
		};
		3C1BCE5F249D145B00F3604B /* MovieApp */ = {
			isa = PBXGroup;
			children = (
				3C7B544424A259F800A65BD4 /* ViewModel */,
				3C7B543F24A2542600A65BD4 /* Network */,
				3C7B543C24A253BB00A65BD4 /* Extensions */,
				3C1BCE90249D188900F3604B /* Models */,
				3C1BCE60249D145B00F3604B /* AppDelegate.swift */,
				3C1BCE62249D145B00F3604B /* SceneDelegate.swift */,
				3C1BCE64249D145B00F3604B /* ContentView.swift */,
				3C1BCE66249D145D00F3604B /* Assets.xcassets */,
				3C1BCE6B249D145D00F3604B /* LaunchScreen.storyboard */,
				3C1BCE6E249D145D00F3604B /* Info.plist */,
				3C1BCE68249D145D00F3604B /* Preview Content */,
			);
			path = MovieApp;
			sourceTree = "<group>";
		};
		3C1BCE68249D145D00F3604B /* Preview Content */ = {
			isa = PBXGroup;
			children = (
				3C1BCE69249D145D00F3604B /* Preview Assets.xcassets */,
			);
			path = "Preview Content";
			sourceTree = "<group>";
		};
		3C1BCE76249D145D00F3604B /* MovieAppTests */ = {
			isa = PBXGroup;
			children = (
				3C1BCE77249D145D00F3604B /* MovieAppTests.swift */,
				3C1BCE79249D145D00F3604B /* Info.plist */,
			);
			path = MovieAppTests;
			sourceTree = "<group>";
		};
		3C1BCE81249D145D00F3604B /* MovieAppUITests */ = {
			isa = PBXGroup;
			children = (
				3C1BCE82249D145D00F3604B /* MovieAppUITests.swift */,
				3C1BCE84249D145D00F3604B /* Info.plist */,
			);
			path = MovieAppUITests;
			sourceTree = "<group>";
		};
		3C1BCE90249D188900F3604B /* Models */ = {
			isa = PBXGroup;
			children = (
				3C1BCE91249D18AF00F3604B /* Movie.swift */,
				3C7B544224A2547000A65BD4 /* MovieResponse.swift */,
			);
			path = Models;
			sourceTree = "<group>";
		};
		3C7B543C24A253BB00A65BD4 /* Extensions */ = {
			isa = PBXGroup;
			children = (
				3C7B543D24A253D400A65BD4 /* URLSessionExtension.swift */,
			);
			path = Extensions;
			sourceTree = "<group>";
		};
		3C7B543F24A2542600A65BD4 /* Network */ = {
			isa = PBXGroup;
			children = (
				3C7B544024A2543600A65BD4 /* MovieNetwork.swift */,
			);
			path = Network;
			sourceTree = "<group>";
		};
		3C7B544424A259F800A65BD4 /* ViewModel */ = {
			isa = PBXGroup;
			children = (
				3C7B544524A25A0D00A65BD4 /* MovieViewModel.swift */,
			);
			path = ViewModel;
			sourceTree = "<group>";
		};
/* End PBXGroup section */

/* Begin PBXNativeTarget section */
		3C1BCE5C249D145B00F3604B /* MovieApp */ = {
			isa = PBXNativeTarget;
			buildConfigurationList = 3C1BCE87249D145D00F3604B /* Build configuration list for PBXNativeTarget "MovieApp" */;
			buildPhases = (
				3C1BCE59249D145B00F3604B /* Sources */,
				3C1BCE5A249D145B00F3604B /* Frameworks */,
				3C1BCE5B249D145B00F3604B /* Resources */,
			);
			buildRules = (
			);
			dependencies = (
			);
			name = MovieApp;
			productName = MovieApp;
			productReference = 3C1BCE5D249D145B00F3604B /* MovieApp.app */;
			productType = "com.apple.product-type.application";
		};
		3C1BCE72249D145D00F3604B /* MovieAppTests */ = {
			isa = PBXNativeTarget;
			buildConfigurationList = 3C1BCE8A249D145D00F3604B /* Build configuration list for PBXNativeTarget "MovieAppTests" */;
			buildPhases = (
				3C1BCE6F249D145D00F3604B /* Sources */,
				3C1BCE70249D145D00F3604B /* Frameworks */,
				3C1BCE71249D145D00F3604B /* Resources */,
			);
			buildRules = (
			);
			dependencies = (
				3C1BCE75249D145D00F3604B /* PBXTargetDependency */,
			);
			name = MovieAppTests;
			productName = MovieAppTests;
			productReference = 3C1BCE73249D145D00F3604B /* MovieAppTests.xctest */;
			productType = "com.apple.product-type.bundle.unit-test";
		};
		3C1BCE7D249D145D00F3604B /* MovieAppUITests */ = {
			isa = PBXNativeTarget;
			buildConfigurationList = 3C1BCE8D249D145D00F3604B /* Build configuration list for PBXNativeTarget "MovieAppUITests" */;
			buildPhases = (
				3C1BCE7A249D145D00F3604B /* Sources */,
				3C1BCE7B249D145D00F3604B /* Frameworks */,
				3C1BCE7C249D145D00F3604B /* Resources */,
			);
			buildRules = (
			);
			dependencies = (
				3C1BCE80249D145D00F3604B /* PBXTargetDependency */,
			);
			name = MovieAppUITests;
			productName = MovieAppUITests;
			productReference = 3C1BCE7E249D145D00F3604B /* MovieAppUITests.xctest */;
			productType = "com.apple.product-type.bundle.ui-testing";
		};
/* End PBXNativeTarget section */

/* Begin PBXProject section */
		3C1BCE55249D145B00F3604B /* Project object */ = {
			isa = PBXProject;
			attributes = {
				LastSwiftUpdateCheck = 1140;
				LastUpgradeCheck = 1140;
				ORGANIZATIONNAME = "Matheus Leite";
				TargetAttributes = {
					3C1BCE5C249D145B00F3604B = {
						CreatedOnToolsVersion = 11.4.1;
					};
					3C1BCE72249D145D00F3604B = {
						CreatedOnToolsVersion = 11.4.1;
						TestTargetID = 3C1BCE5C249D145B00F3604B;
					};
					3C1BCE7D249D145D00F3604B = {
						CreatedOnToolsVersion = 11.4.1;
						TestTargetID = 3C1BCE5C249D145B00F3604B;
					};
				};
			};
			buildConfigurationList = 3C1BCE58249D145B00F3604B /* Build configuration list for PBXProject "MovieApp" */;
			compatibilityVersion = "Xcode 9.3";
			developmentRegion = en;
			hasScannedForEncodings = 0;
			knownRegions = (
				en,
				Base,
			);
			mainGroup = 3C1BCE54249D145B00F3604B;
			productRefGroup = 3C1BCE5E249D145B00F3604B /* Products */;
			projectDirPath = "";
			projectRoot = "";
			targets = (
				3C1BCE5C249D145B00F3604B /* MovieApp */,
				3C1BCE72249D145D00F3604B /* MovieAppTests */,
				3C1BCE7D249D145D00F3604B /* MovieAppUITests */,
			);
		};
/* End PBXProject section */

/* Begin PBXResourcesBuildPhase section */
		3C1BCE5B249D145B00F3604B /* Resources */ = {
			isa = PBXResourcesBuildPhase;
			buildActionMask = 2147483647;
			files = (
				3C1BCE6D249D145D00F3604B /* LaunchScreen.storyboard in Resources */,
				3C1BCE6A249D145D00F3604B /* Preview Assets.xcassets in Resources */,
				3C1BCE67249D145D00F3604B /* Assets.xcassets in Resources */,
			);
			runOnlyForDeploymentPostprocessing = 0;
		};
		3C1BCE71249D145D00F3604B /* Resources */ = {
			isa = PBXResourcesBuildPhase;
			buildActionMask = 2147483647;
			files = (
			);
			runOnlyForDeploymentPostprocessing = 0;
		};
		3C1BCE7C249D145D00F3604B /* Resources */ = {
			isa = PBXResourcesBuildPhase;
			buildActionMask = 2147483647;
			files = (
			);
			runOnlyForDeploymentPostprocessing = 0;
		};
/* End PBXResourcesBuildPhase section */

/* Begin PBXSourcesBuildPhase section */
		3C1BCE59249D145B00F3604B /* Sources */ = {
			isa = PBXSourcesBuildPhase;
			buildActionMask = 2147483647;
			files = (
				3C7B544324A2547000A65BD4 /* MovieResponse.swift in Sources */,
				3C7B543E24A253D400A65BD4 /* URLSessionExtension.swift in Sources */,
				3C1BCE61249D145B00F3604B /* AppDelegate.swift in Sources */,
				3C7B544624A25A0D00A65BD4 /* MovieViewModel.swift in Sources */,
				3C1BCE92249D18AF00F3604B /* Movie.swift in Sources */,
				3C7B544124A2543600A65BD4 /* MovieNetwork.swift in Sources */,
				3C1BCE63249D145B00F3604B /* SceneDelegate.swift in Sources */,
				3C1BCE65249D145B00F3604B /* ContentView.swift in Sources */,
			);
			runOnlyForDeploymentPostprocessing = 0;
		};
		3C1BCE6F249D145D00F3604B /* Sources */ = {
			isa = PBXSourcesBuildPhase;
			buildActionMask = 2147483647;
			files = (
				3C1BCE78249D145D00F3604B /* MovieAppTests.swift in Sources */,
			);
			runOnlyForDeploymentPostprocessing = 0;
		};
		3C1BCE7A249D145D00F3604B /* Sources */ = {
			isa = PBXSourcesBuildPhase;
			buildActionMask = 2147483647;
			files = (
				3C1BCE83249D145D00F3604B /* MovieAppUITests.swift in Sources */,
			);
			runOnlyForDeploymentPostprocessing = 0;
		};
/* End PBXSourcesBuildPhase section */

/* Begin PBXTargetDependency section */
		3C1BCE75249D145D00F3604B /* PBXTargetDependency */ = {
			isa = PBXTargetDependency;
			target = 3C1BCE5C249D145B00F3604B /* MovieApp */;
			targetProxy = 3C1BCE74249D145D00F3604B /* PBXContainerItemProxy */;
		};
		3C1BCE80249D145D00F3604B /* PBXTargetDependency */ = {
			isa = PBXTargetDependency;
			target = 3C1BCE5C249D145B00F3604B /* MovieApp */;
			targetProxy = 3C1BCE7F249D145D00F3604B /* PBXContainerItemProxy */;
		};
/* End PBXTargetDependency section */

/* Begin PBXVariantGroup section */
		3C1BCE6B249D145D00F3604B /* LaunchScreen.storyboard */ = {
			isa = PBXVariantGroup;
			children = (
				3C1BCE6C249D145D00F3604B /* Base */,
			);
			name = LaunchScreen.storyboard;
			sourceTree = "<group>";
		};
/* End PBXVariantGroup section */

/* Begin XCBuildConfiguration section */
		3C1BCE85249D145D00F3604B /* Debug */ = {
			isa = XCBuildConfiguration;
			buildSettings = {
				ALWAYS_SEARCH_USER_PATHS = NO;
				CLANG_ANALYZER_NONNULL = YES;
				CLANG_ANALYZER_NUMBER_OBJECT_CONVERSION = YES_AGGRESSIVE;
				CLANG_CXX_LANGUAGE_STANDARD = "gnu++14";
				CLANG_CXX_LIBRARY = "libc++";
				CLANG_ENABLE_MODULES = YES;
				CLANG_ENABLE_OBJC_ARC = YES;
				CLANG_ENABLE_OBJC_WEAK = YES;
				CLANG_WARN_BLOCK_CAPTURE_AUTORELEASING = YES;
				CLANG_WARN_BOOL_CONVERSION = YES;
				CLANG_WARN_COMMA = YES;
				CLANG_WARN_CONSTANT_CONVERSION = YES;
				CLANG_WARN_DEPRECATED_OBJC_IMPLEMENTATIONS = YES;
				CLANG_WARN_DIRECT_OBJC_ISA_USAGE = YES_ERROR;
				CLANG_WARN_DOCUMENTATION_COMMENTS = YES;
				CLANG_WARN_EMPTY_BODY = YES;
				CLANG_WARN_ENUM_CONVERSION = YES;
				CLANG_WARN_INFINITE_RECURSION = YES;
				CLANG_WARN_INT_CONVERSION = YES;
				CLANG_WARN_NON_LITERAL_NULL_CONVERSION = YES;
				CLANG_WARN_OBJC_IMPLICIT_RETAIN_SELF = YES;
				CLANG_WARN_OBJC_LITERAL_CONVERSION = YES;
				CLANG_WARN_OBJC_ROOT_CLASS = YES_ERROR;
				CLANG_WARN_RANGE_LOOP_ANALYSIS = YES;
				CLANG_WARN_STRICT_PROTOTYPES = YES;
				CLANG_WARN_SUSPICIOUS_MOVE = YES;
				CLANG_WARN_UNGUARDED_AVAILABILITY = YES_AGGRESSIVE;
				CLANG_WARN_UNREACHABLE_CODE = YES;
				CLANG_WARN__DUPLICATE_METHOD_MATCH = YES;
				COPY_PHASE_STRIP = NO;
				DEBUG_INFORMATION_FORMAT = dwarf;
				ENABLE_STRICT_OBJC_MSGSEND = YES;
				ENABLE_TESTABILITY = YES;
				GCC_C_LANGUAGE_STANDARD = gnu11;
				GCC_DYNAMIC_NO_PIC = NO;
				GCC_NO_COMMON_BLOCKS = YES;
				GCC_OPTIMIZATION_LEVEL = 0;
				GCC_PREPROCESSOR_DEFINITIONS = (
					"DEBUG=1",
					"$(inherited)",
				);
				GCC_WARN_64_TO_32_BIT_CONVERSION = YES;
				GCC_WARN_ABOUT_RETURN_TYPE = YES_ERROR;
				GCC_WARN_UNDECLARED_SELECTOR = YES;
				GCC_WARN_UNINITIALIZED_AUTOS = YES_AGGRESSIVE;
				GCC_WARN_UNUSED_FUNCTION = YES;
				GCC_WARN_UNUSED_VARIABLE = YES;
				IPHONEOS_DEPLOYMENT_TARGET = 13.4;
				MTL_ENABLE_DEBUG_INFO = INCLUDE_SOURCE;
				MTL_FAST_MATH = YES;
				ONLY_ACTIVE_ARCH = YES;
				SDKROOT = iphoneos;
				SWIFT_ACTIVE_COMPILATION_CONDITIONS = DEBUG;
				SWIFT_OPTIMIZATION_LEVEL = "-Onone";
			};
			name = Debug;
		};
		3C1BCE86249D145D00F3604B /* Release */ = {
			isa = XCBuildConfiguration;
			buildSettings = {
				ALWAYS_SEARCH_USER_PATHS = NO;
				CLANG_ANALYZER_NONNULL = YES;
				CLANG_ANALYZER_NUMBER_OBJECT_CONVERSION = YES_AGGRESSIVE;
				CLANG_CXX_LANGUAGE_STANDARD = "gnu++14";
				CLANG_CXX_LIBRARY = "libc++";
				CLANG_ENABLE_MODULES = YES;
				CLANG_ENABLE_OBJC_ARC = YES;
				CLANG_ENABLE_OBJC_WEAK = YES;
				CLANG_WARN_BLOCK_CAPTURE_AUTORELEASING = YES;
				CLANG_WARN_BOOL_CONVERSION = YES;
				CLANG_WARN_COMMA = YES;
				CLANG_WARN_CONSTANT_CONVERSION = YES;
				CLANG_WARN_DEPRECATED_OBJC_IMPLEMENTATIONS = YES;
				CLANG_WARN_DIRECT_OBJC_ISA_USAGE = YES_ERROR;
				CLANG_WARN_DOCUMENTATION_COMMENTS = YES;
				CLANG_WARN_EMPTY_BODY = YES;
				CLANG_WARN_ENUM_CONVERSION = YES;
				CLANG_WARN_INFINITE_RECURSION = YES;
				CLANG_WARN_INT_CONVERSION = YES;
				CLANG_WARN_NON_LITERAL_NULL_CONVERSION = YES;
				CLANG_WARN_OBJC_IMPLICIT_RETAIN_SELF = YES;
				CLANG_WARN_OBJC_LITERAL_CONVERSION = YES;
				CLANG_WARN_OBJC_ROOT_CLASS = YES_ERROR;
				CLANG_WARN_RANGE_LOOP_ANALYSIS = YES;
				CLANG_WARN_STRICT_PROTOTYPES = YES;
				CLANG_WARN_SUSPICIOUS_MOVE = YES;
				CLANG_WARN_UNGUARDED_AVAILABILITY = YES_AGGRESSIVE;
				CLANG_WARN_UNREACHABLE_CODE = YES;
				CLANG_WARN__DUPLICATE_METHOD_MATCH = YES;
				COPY_PHASE_STRIP = NO;
				DEBUG_INFORMATION_FORMAT = "dwarf-with-dsym";
				ENABLE_NS_ASSERTIONS = NO;
				ENABLE_STRICT_OBJC_MSGSEND = YES;
				GCC_C_LANGUAGE_STANDARD = gnu11;
				GCC_NO_COMMON_BLOCKS = YES;
				GCC_WARN_64_TO_32_BIT_CONVERSION = YES;
				GCC_WARN_ABOUT_RETURN_TYPE = YES_ERROR;
				GCC_WARN_UNDECLARED_SELECTOR = YES;
				GCC_WARN_UNINITIALIZED_AUTOS = YES_AGGRESSIVE;
				GCC_WARN_UNUSED_FUNCTION = YES;
				GCC_WARN_UNUSED_VARIABLE = YES;
				IPHONEOS_DEPLOYMENT_TARGET = 13.4;
				MTL_ENABLE_DEBUG_INFO = NO;
				MTL_FAST_MATH = YES;
				SDKROOT = iphoneos;
				SWIFT_COMPILATION_MODE = wholemodule;
				SWIFT_OPTIMIZATION_LEVEL = "-O";
				VALIDATE_PRODUCT = YES;
			};
			name = Release;
		};
		3C1BCE88249D145D00F3604B /* Debug */ = {
			isa = XCBuildConfiguration;
			buildSettings = {
				ASSETCATALOG_COMPILER_APPICON_NAME = AppIcon;
				CODE_SIGN_STYLE = Automatic;
				DEVELOPMENT_ASSET_PATHS = "\"MovieApp/Preview Content\"";
				DEVELOPMENT_TEAM = X92Q7KS5VW;
				ENABLE_PREVIEWS = YES;
				INFOPLIST_FILE = MovieApp/Info.plist;
				LD_RUNPATH_SEARCH_PATHS = (
					"$(inherited)",
					"@executable_path/Frameworks",
				);
				PRODUCT_BUNDLE_IDENTIFIER = com.matheusleite.MovieApp;
				PRODUCT_NAME = "$(TARGET_NAME)";
				SWIFT_VERSION = 5.0;
				TARGETED_DEVICE_FAMILY = 1;
			};
			name = Debug;
		};
		3C1BCE89249D145D00F3604B /* Release */ = {
			isa = XCBuildConfiguration;
			buildSettings = {
				ASSETCATALOG_COMPILER_APPICON_NAME = AppIcon;
				CODE_SIGN_STYLE = Automatic;
				DEVELOPMENT_ASSET_PATHS = "\"MovieApp/Preview Content\"";
				DEVELOPMENT_TEAM = X92Q7KS5VW;
				ENABLE_PREVIEWS = YES;
				INFOPLIST_FILE = MovieApp/Info.plist;
				LD_RUNPATH_SEARCH_PATHS = (
					"$(inherited)",
					"@executable_path/Frameworks",
				);
				PRODUCT_BUNDLE_IDENTIFIER = com.matheusleite.MovieApp;
				PRODUCT_NAME = "$(TARGET_NAME)";
				SWIFT_VERSION = 5.0;
				TARGETED_DEVICE_FAMILY = 1;
			};
			name = Release;
		};
		3C1BCE8B249D145D00F3604B /* Debug */ = {
			isa = XCBuildConfiguration;
			buildSettings = {
				ALWAYS_EMBED_SWIFT_STANDARD_LIBRARIES = YES;
				BUNDLE_LOADER = "$(TEST_HOST)";
				CODE_SIGN_STYLE = Automatic;
				DEVELOPMENT_TEAM = X92Q7KS5VW;
				INFOPLIST_FILE = MovieAppTests/Info.plist;
				IPHONEOS_DEPLOYMENT_TARGET = 13.4;
				LD_RUNPATH_SEARCH_PATHS = (
					"$(inherited)",
					"@executable_path/Frameworks",
					"@loader_path/Frameworks",
				);
				PRODUCT_BUNDLE_IDENTIFIER = com.matheusleite.MovieAppTests;
				PRODUCT_NAME = "$(TARGET_NAME)";
				SWIFT_VERSION = 5.0;
				TARGETED_DEVICE_FAMILY = "1,2";
				TEST_HOST = "$(BUILT_PRODUCTS_DIR)/MovieApp.app/MovieApp";
			};
			name = Debug;
		};
		3C1BCE8C249D145D00F3604B /* Release */ = {
			isa = XCBuildConfiguration;
			buildSettings = {
				ALWAYS_EMBED_SWIFT_STANDARD_LIBRARIES = YES;
				BUNDLE_LOADER = "$(TEST_HOST)";
				CODE_SIGN_STYLE = Automatic;
				DEVELOPMENT_TEAM = X92Q7KS5VW;
				INFOPLIST_FILE = MovieAppTests/Info.plist;
				IPHONEOS_DEPLOYMENT_TARGET = 13.4;
				LD_RUNPATH_SEARCH_PATHS = (
					"$(inherited)",
					"@executable_path/Frameworks",
					"@loader_path/Frameworks",
				);
				PRODUCT_BUNDLE_IDENTIFIER = com.matheusleite.MovieAppTests;
				PRODUCT_NAME = "$(TARGET_NAME)";
				SWIFT_VERSION = 5.0;
				TARGETED_DEVICE_FAMILY = "1,2";
				TEST_HOST = "$(BUILT_PRODUCTS_DIR)/MovieApp.app/MovieApp";
			};
			name = Release;
		};
		3C1BCE8E249D145D00F3604B /* Debug */ = {
			isa = XCBuildConfiguration;
			buildSettings = {
				ALWAYS_EMBED_SWIFT_STANDARD_LIBRARIES = YES;
				CODE_SIGN_STYLE = Automatic;
				DEVELOPMENT_TEAM = X92Q7KS5VW;
				INFOPLIST_FILE = MovieAppUITests/Info.plist;
				LD_RUNPATH_SEARCH_PATHS = (
					"$(inherited)",
					"@executable_path/Frameworks",
					"@loader_path/Frameworks",
				);
				PRODUCT_BUNDLE_IDENTIFIER = com.matheusleite.MovieAppUITests;
				PRODUCT_NAME = "$(TARGET_NAME)";
				SWIFT_VERSION = 5.0;
				TARGETED_DEVICE_FAMILY = "1,2";
				TEST_TARGET_NAME = MovieApp;
			};
			name = Debug;
		};
		3C1BCE8F249D145D00F3604B /* Release */ = {
			isa = XCBuildConfiguration;
			buildSettings = {
				ALWAYS_EMBED_SWIFT_STANDARD_LIBRARIES = YES;
				CODE_SIGN_STYLE = Automatic;
				DEVELOPMENT_TEAM = X92Q7KS5VW;
				INFOPLIST_FILE = MovieAppUITests/Info.plist;
				LD_RUNPATH_SEARCH_PATHS = (
					"$(inherited)",
					"@executable_path/Frameworks",
					"@loader_path/Frameworks",
				);
				PRODUCT_BUNDLE_IDENTIFIER = com.matheusleite.MovieAppUITests;
				PRODUCT_NAME = "$(TARGET_NAME)";
				SWIFT_VERSION = 5.0;
				TARGETED_DEVICE_FAMILY = "1,2";
				TEST_TARGET_NAME = MovieApp;
			};
			name = Release;
		};
/* End XCBuildConfiguration section */

/* Begin XCConfigurationList section */
		3C1BCE58249D145B00F3604B /* Build configuration list for PBXProject "MovieApp" */ = {
			isa = XCConfigurationList;
			buildConfigurations = (
				3C1BCE85249D145D00F3604B /* Debug */,
				3C1BCE86249D145D00F3604B /* Release */,
			);
			defaultConfigurationIsVisible = 0;
			defaultConfigurationName = Release;
		};
		3C1BCE87249D145D00F3604B /* Build configuration list for PBXNativeTarget "MovieApp" */ = {
			isa = XCConfigurationList;
			buildConfigurations = (
				3C1BCE88249D145D00F3604B /* Debug */,
				3C1BCE89249D145D00F3604B /* Release */,
			);
			defaultConfigurationIsVisible = 0;
			defaultConfigurationName = Release;
		};
		3C1BCE8A249D145D00F3604B /* Build configuration list for PBXNativeTarget "MovieAppTests" */ = {
			isa = XCConfigurationList;
			buildConfigurations = (
				3C1BCE8B249D145D00F3604B /* Debug */,
				3C1BCE8C249D145D00F3604B /* Release */,
			);
			defaultConfigurationIsVisible = 0;
			defaultConfigurationName = Release;
		};
		3C1BCE8D249D145D00F3604B /* Build configuration list for PBXNativeTarget "MovieAppUITests" */ = {
			isa = XCConfigurationList;
			buildConfigurations = (
				3C1BCE8E249D145D00F3604B /* Debug */,
				3C1BCE8F249D145D00F3604B /* Release */,
			);
			defaultConfigurationIsVisible = 0;
			defaultConfigurationName = Release;
		};
/* End XCConfigurationList section */
	};
	rootObject = 3C1BCE55249D145B00F3604B /* Project object */;
}
